
Microsoft Visual Studio Solution File, Format Version 12.00
# Visual Studio Version 16
VisualStudioVersion = 16.0.30907.101
MinimumVisualStudioVersion = 10.0.40219.1
Project("{FAE04EC0-301F-11D3-BF4B-00C04F79EFBC}") = "Qwer", "Qwer\Qwer.csproj", "{63012311-822C-4AC6-9559-6944B97D5586}"
EndProject
Global
	GlobalSection(SolutionConfigurationPlatforms) = preSolution
		Debug|Any CPU = Debug|Any CPU
		Release|Any CPU = Release|Any CPU
	EndGlobalSection
	GlobalSection(ProjectConfigurationPlatforms) = postSolution
		{63012311-822C-4AC6-9559-6944B97D5586}.Debug|Any CPU.ActiveCfg = Debug|Any CPU
		{63012311-822C-4AC6-9559-6944B97D5586}.Debug|Any CPU.Build.0 = Debug|Any CPU
		{63012311-822C-4AC6-9559-6944B97D5586}.Release|Any CPU.ActiveCfg = Release|Any CPU
		{63012311-822C-4AC6-9559-6944B97D5586}.Release|Any CPU.Build.0 = Release|Any CPU
	EndGlobalSection
	GlobalSection(SolutionProperties) = preSolution
		HideSolutionNode = FALSE
	EndGlobalSection
	GlobalSection(ExtensibilityGlobals) = postSolution
		SolutionGuid = {6AD4324A-B93E-4A07-8880-974A9DC82767}
	EndGlobalSection
EndGlobal
